
Microsoft Visual Studio Solution File, Format Version 12.00
# Visual Studio Version 17
VisualStudioVersion = 17.5.33414.496
MinimumVisualStudioVersion = 10.0.40219.1
Project("{8BC9CEB8-8B4A-11D0-8D11-00A0C91BC942}") = "ParadigmaOOP2_122", "ParadigmaOOP2_122\ParadigmaOOP2_122.vcxproj", "{EFCBF1B1-F49E-4A0C-9B58-0093A4E69790}"
EndProject
Project("{8BC9CEB8-8B4A-11D0-8D11-00A0C91BC942}") = "solveMultiWaris", "solveMultiWaris\solveMultiWaris.vcxproj", "{CA174CCE-0D67-4156-84E5-1C368B67B9EF}"
EndProject
Project("{8BC9CEB8-8B4A-11D0-8D11-00A0C91BC942}") = "Polimorpi", "Polimorpi\Polimorpi.vcxproj", "{0DDFFC7A-4AF2-4C8E-A20C-1F06BDA461B6}"
EndProject
Project("{8BC9CEB8-8B4A-11D0-8D11-00A0C91BC942}") = "noOverriding", "noOverriding\noOverriding.vcxproj", "{02320CF2-B8C0-4D8F-88AD-C5445BB84047}"
EndProject
Project("{8BC9CEB8-8B4A-11D0-8D11-00A0C91BC942}") = "noPewarisan", "noPewarisan\noPewarisan.vcxproj", "{578B4E56-5B25-46EA-A7C6-2E78A1FCF78D}"
EndProject
Project("{8BC9CEB8-8B4A-11D0-8D11-00A0C91BC942}") = "enkapsulasi", "enkapsulasi\enkapsulasi.vcxproj", "{3693118F-622C-4D33-8070-5BF145EEDA05}"
EndProject
Project("{8BC9CEB8-8B4A-11D0-8D11-00A0C91BC942}") = "abstraksi", "abstraksi\abstraksi.vcxproj", "{ABF3966D-571D-4586-975C-21F60114C326}"
EndProject
Global
	GlobalSection(SolutionConfigurationPlatforms) = preSolution
		Debug|x64 = Debug|x64
		Debug|x86 = Debug|x86
		Release|x64 = Release|x64
		Release|x86 = Release|x86
	EndGlobalSection
	GlobalSection(ProjectConfigurationPlatforms) = postSolution
		{EFCBF1B1-F49E-4A0C-9B58-0093A4E69790}.Debug|x64.ActiveCfg = Debug|x64
		{EFCBF1B1-F49E-4A0C-9B58-0093A4E69790}.Debug|x64.Build.0 = Debug|x64
		{EFCBF1B1-F49E-4A0C-9B58-0093A4E69790}.Debug|x86.ActiveCfg = Debug|Win32
		{EFCBF1B1-F49E-4A0C-9B58-0093A4E69790}.Debug|x86.Build.0 = Debug|Win32
		{EFCBF1B1-F49E-4A0C-9B58-0093A4E69790}.Release|x64.ActiveCfg = Release|x64
		{EFCBF1B1-F49E-4A0C-9B58-0093A4E69790}.Release|x64.Build.0 = Release|x64
		{EFCBF1B1-F49E-4A0C-9B58-0093A4E69790}.Release|x86.ActiveCfg = Release|Win32
		{EFCBF1B1-F49E-4A0C-9B58-0093A4E69790}.Release|x86.Build.0 = Release|Win32
		{CA174CCE-0D67-4156-84E5-1C368B67B9EF}.Debug|x64.ActiveCfg = Debug|x64
		{CA174CCE-0D67-4156-84E5-1C368B67B9EF}.Debug|x64.Build.0 = Debug|x64
		{CA174CCE-0D67-4156-84E5-1C368B67B9EF}.Debug|x86.ActiveCfg = Debug|Win32
		{CA174CCE-0D67-4156-84E5-1C368B67B9EF}.Debug|x86.Build.0 = Debug|Win32
		{CA174CCE-0D67-4156-84E5-1C368B67B9EF}.Release|x64.ActiveCfg = Release|x64
		{CA174CCE-0D67-4156-84E5-1C368B67B9EF}.Release|x64.Build.0 = Release|x64
		{CA174CCE-0D67-4156-84E5-1C368B67B9EF}.Release|x86.ActiveCfg = Release|Win32
		{CA174CCE-0D67-4156-84E5-1C368B67B9EF}.Release|x86.Build.0 = Release|Win32
		{0DDFFC7A-4AF2-4C8E-A20C-1F06BDA461B6}.Debug|x64.ActiveCfg = Debug|x64
		{0DDFFC7A-4AF2-4C8E-A20C-1F06BDA461B6}.Debug|x64.Build.0 = Debug|x64
		{0DDFFC7A-4AF2-4C8E-A20C-1F06BDA461B6}.Debug|x86.ActiveCfg = Debug|Win32
		{0DDFFC7A-4AF2-4C8E-A20C-1F06BDA461B6}.Debug|x86.Build.0 = Debug|Win32
		{0DDFFC7A-4AF2-4C8E-A20C-1F06BDA461B6}.Release|x64.ActiveCfg = Release|x64
		{0DDFFC7A-4AF2-4C8E-A20C-1F06BDA461B6}.Release|x64.Build.0 = Release|x64
		{0DDFFC7A-4AF2-4C8E-A20C-1F06BDA461B6}.Release|x86.ActiveCfg = Release|Win32
		{0DDFFC7A-4AF2-4C8E-A20C-1F06BDA461B6}.Release|x86.Build.0 = Release|Win32
		{02320CF2-B8C0-4D8F-88AD-C5445BB84047}.Debug|x64.ActiveCfg = Debug|x64
		{02320CF2-B8C0-4D8F-88AD-C5445BB84047}.Debug|x64.Build.0 = Debug|x64
		{02320CF2-B8C0-4D8F-88AD-C5445BB84047}.Debug|x86.ActiveCfg = Debug|Win32
		{02320CF2-B8C0-4D8F-88AD-C5445BB84047}.Debug|x86.Build.0 = Debug|Win32
		{02320CF2-B8C0-4D8F-88AD-C5445BB84047}.Release|x64.ActiveCfg = Release|x64
		{02320CF2-B8C0-4D8F-88AD-C5445BB84047}.Release|x64.Build.0 = Release|x64
		{02320CF2-B8C0-4D8F-88AD-C5445BB84047}.Release|x86.ActiveCfg = Release|Win32
		{02320CF2-B8C0-4D8F-88AD-C5445BB84047}.Release|x86.Build.0 = Release|Win32
		{578B4E56-5B25-46EA-A7C6-2E78A1FCF78D}.Debug|x64.ActiveCfg = Debug|x64
		{578B4E56-5B25-46EA-A7C6-2E78A1FCF78D}.Debug|x64.Build.0 = Debug|x64
		{578B4E56-5B25-46EA-A7C6-2E78A1FCF78D}.Debug|x86.ActiveCfg = Debug|Win32
		{578B4E56-5B25-46EA-A7C6-2E78A1FCF78D}.Debug|x86.Build.0 = Debug|Win32
		{578B4E56-5B25-46EA-A7C6-2E78A1FCF78D}.Release|x64.ActiveCfg = Release|x64
		{578B4E56-5B25-46EA-A7C6-2E78A1FCF78D}.Release|x64.Build.0 = Release|x64
		{578B4E56-5B25-46EA-A7C6-2E78A1FCF78D}.Release|x86.ActiveCfg = Release|Win32
		{578B4E56-5B25-46EA-A7C6-2E78A1FCF78D}.Release|x86.Build.0 = Release|Win32
		{3693118F-622C-4D33-8070-5BF145EEDA05}.Debug|x64.ActiveCfg = Debug|x64
		{3693118F-622C-4D33-8070-5BF145EEDA05}.Debug|x64.Build.0 = Debug|x64
		{3693118F-622C-4D33-8070-5BF145EEDA05}.Debug|x86.ActiveCfg = Debug|Win32
		{3693118F-622C-4D33-8070-5BF145EEDA05}.Debug|x86.Build.0 = Debug|Win32
		{3693118F-622C-4D33-8070-5BF145EEDA05}.Release|x64.ActiveCfg = Release|x64
		{3693118F-622C-4D33-8070-5BF145EEDA05}.Release|x64.Build.0 = Release|x64
		{3693118F-622C-4D33-8070-5BF145EEDA05}.Release|x86.ActiveCfg = Release|Win32
		{3693118F-622C-4D33-8070-5BF145EEDA05}.Release|x86.Build.0 = Release|Win32
		{ABF3966D-571D-4586-975C-21F60114C326}.Debug|x64.ActiveCfg = Debug|x64
		{ABF3966D-571D-4586-975C-21F60114C326}.Debug|x64.Build.0 = Debug|x64
		{ABF3966D-571D-4586-975C-21F60114C326}.Debug|x86.ActiveCfg = Debug|Win32
		{ABF3966D-571D-4586-975C-21F60114C326}.Debug|x86.Build.0 = Debug|Win32
		{ABF3966D-571D-4586-975C-21F60114C326}.Release|x64.ActiveCfg = Release|x64
		{ABF3966D-571D-4586-975C-21F60114C326}.Release|x64.Build.0 = Release|x64
		{ABF3966D-571D-4586-975C-21F60114C326}.Release|x86.ActiveCfg = Release|Win32
		{ABF3966D-571D-4586-975C-21F60114C326}.Release|x86.Build.0 = Release|Win32
	EndGlobalSection
	GlobalSection(SolutionProperties) = preSolution
		HideSolutionNode = FALSE
	EndGlobalSection
	GlobalSection(ExtensibilityGlobals) = postSolution
		SolutionGuid = {2986B80E-739E-4F7C-A18E-282FD17CC0E5}
	EndGlobalSection
EndGlobal
